// !$*UTF8*$!
{
	archiveVersion = 1;
	classes = {
	};
	objectVersion = 56;
	objects = {

/* Begin PBXBuildFile section */
		703A7E84EFA3218591CD99AC /* Pods_MCOS.framework in Frameworks */ = {isa = PBXBuildFile; fileRef = 5FFAF6A3960710255A4A91CA /* Pods_MCOS.framework */; };
		7B490EF62AB6259600787CEC /* DepotViewController.swift in Sources */ = {isa = PBXBuildFile; fileRef = 7B490EF52AB6259600787CEC /* DepotViewController.swift */; };
		7B490EF82AB625A600787CEC /* WatchlistViewController.swift in Sources */ = {isa = PBXBuildFile; fileRef = 7B490EF72AB625A600787CEC /* WatchlistViewController.swift */; };
		7B490EFA2AB625C400787CEC /* ChartViewController.swift in Sources */ = {isa = PBXBuildFile; fileRef = 7B490EF92AB625C400787CEC /* ChartViewController.swift */; };
		7B490EFD2AB629B100787CEC /* TCRViewController.swift in Sources */ = {isa = PBXBuildFile; fileRef = 7B490EFC2AB629B100787CEC /* TCRViewController.swift */; };
		7BB3EC732AB513E50014A652 /* AppDelegate.swift in Sources */ = {isa = PBXBuildFile; fileRef = 7BB3EC722AB513E50014A652 /* AppDelegate.swift */; };
		7BB3EC752AB513E50014A652 /* SceneDelegate.swift in Sources */ = {isa = PBXBuildFile; fileRef = 7BB3EC742AB513E50014A652 /* SceneDelegate.swift */; };
		7BB3EC772AB513E50014A652 /* HomeViewController.swift in Sources */ = {isa = PBXBuildFile; fileRef = 7BB3EC762AB513E50014A652 /* HomeViewController.swift */; };
		7BB3EC7A2AB513E50014A652 /* Main.storyboard in Resources */ = {isa = PBXBuildFile; fileRef = 7BB3EC782AB513E50014A652 /* Main.storyboard */; };
		7BB3EC7C2AB513E70014A652 /* Assets.xcassets in Resources */ = {isa = PBXBuildFile; fileRef = 7BB3EC7B2AB513E70014A652 /* Assets.xcassets */; };
		7BB3EC7F2AB513E70014A652 /* LaunchScreen.storyboard in Resources */ = {isa = PBXBuildFile; fileRef = 7BB3EC7D2AB513E70014A652 /* LaunchScreen.storyboard */; };
/* End PBXBuildFile section */

/* Begin PBXFileReference section */
		0AC9CBBD62AC76C0A5D007DF /* Pods-MCOS.release.xcconfig */ = {isa = PBXFileReference; includeInIndex = 1; lastKnownFileType = text.xcconfig; name = "Pods-MCOS.release.xcconfig"; path = "Target Support Files/Pods-MCOS/Pods-MCOS.release.xcconfig"; sourceTree = "<group>"; };
		5FFAF6A3960710255A4A91CA /* Pods_MCOS.framework */ = {isa = PBXFileReference; explicitFileType = wrapper.framework; includeInIndex = 0; path = Pods_MCOS.framework; sourceTree = BUILT_PRODUCTS_DIR; };
		7B4173C345CED2F8FC9C43BA /* Pods-MCOS.debug.xcconfig */ = {isa = PBXFileReference; includeInIndex = 1; lastKnownFileType = text.xcconfig; name = "Pods-MCOS.debug.xcconfig"; path = "Target Support Files/Pods-MCOS/Pods-MCOS.debug.xcconfig"; sourceTree = "<group>"; };
		7B490EF52AB6259600787CEC /* DepotViewController.swift */ = {isa = PBXFileReference; lastKnownFileType = sourcecode.swift; path = DepotViewController.swift; sourceTree = "<group>"; };
		7B490EF72AB625A600787CEC /* WatchlistViewController.swift */ = {isa = PBXFileReference; lastKnownFileType = sourcecode.swift; path = WatchlistViewController.swift; sourceTree = "<group>"; };
		7B490EF92AB625C400787CEC /* ChartViewController.swift */ = {isa = PBXFileReference; lastKnownFileType = sourcecode.swift; path = ChartViewController.swift; sourceTree = "<group>"; };
		7B490EFC2AB629B100787CEC /* TCRViewController.swift */ = {isa = PBXFileReference; lastKnownFileType = sourcecode.swift; path = TCRViewController.swift; sourceTree = "<group>"; };
		7BB3EC6F2AB513E50014A652 /* MCOS.app */ = {isa = PBXFileReference; explicitFileType = wrapper.application; includeInIndex = 0; path = MCOS.app; sourceTree = BUILT_PRODUCTS_DIR; };
		7BB3EC722AB513E50014A652 /* AppDelegate.swift */ = {isa = PBXFileReference; lastKnownFileType = sourcecode.swift; path = AppDelegate.swift; sourceTree = "<group>"; };
		7BB3EC742AB513E50014A652 /* SceneDelegate.swift */ = {isa = PBXFileReference; lastKnownFileType = sourcecode.swift; path = SceneDelegate.swift; sourceTree = "<group>"; };
		7BB3EC762AB513E50014A652 /* HomeViewController.swift */ = {isa = PBXFileReference; lastKnownFileType = sourcecode.swift; path = HomeViewController.swift; sourceTree = "<group>"; };
		7BB3EC792AB513E50014A652 /* Base */ = {isa = PBXFileReference; lastKnownFileType = file.storyboard; name = Base; path = Base.lproj/Main.storyboard; sourceTree = "<group>"; };
		7BB3EC7B2AB513E70014A652 /* Assets.xcassets */ = {isa = PBXFileReference; lastKnownFileType = folder.assetcatalog; path = Assets.xcassets; sourceTree = "<group>"; };
		7BB3EC7E2AB513E70014A652 /* Base */ = {isa = PBXFileReference; lastKnownFileType = file.storyboard; name = Base; path = Base.lproj/LaunchScreen.storyboard; sourceTree = "<group>"; };
		7BB3EC802AB513E70014A652 /* Info.plist */ = {isa = PBXFileReference; lastKnownFileType = text.plist.xml; path = Info.plist; sourceTree = "<group>"; };
/* End PBXFileReference section */

/* Begin PBXFrameworksBuildPhase section */
		7BB3EC6C2AB513E50014A652 /* Frameworks */ = {
			isa = PBXFrameworksBuildPhase;
			buildActionMask = 2147483647;
			files = (
				703A7E84EFA3218591CD99AC /* Pods_MCOS.framework in Frameworks */,
			);
			runOnlyForDeploymentPostprocessing = 0;
		};
/* End PBXFrameworksBuildPhase section */

/* Begin PBXGroup section */
		63DB5437AB7A014DCCB8677F /* Frameworks */ = {
			isa = PBXGroup;
			children = (
				5FFAF6A3960710255A4A91CA /* Pods_MCOS.framework */,
			);
			name = Frameworks;
			sourceTree = "<group>";
		};
		7B490EFB2AB6290F00787CEC /* MainController */ = {
			isa = PBXGroup;
			children = (
				7BB3EC762AB513E50014A652 /* HomeViewController.swift */,
				7B490EFC2AB629B100787CEC /* TCRViewController.swift */,
				7B490EF72AB625A600787CEC /* WatchlistViewController.swift */,
				7B490EF52AB6259600787CEC /* DepotViewController.swift */,
				7B490EF92AB625C400787CEC /* ChartViewController.swift */,
			);
			path = MainController;
			sourceTree = "<group>";
		};
		7BB3EC662AB513E50014A652 = {
			isa = PBXGroup;
			children = (
				7BB3EC712AB513E50014A652 /* MCOS */,
				7BB3EC702AB513E50014A652 /* Products */,
				9B6235EA5277706E702BCDF3 /* Pods */,
				63DB5437AB7A014DCCB8677F /* Frameworks */,
			);
			sourceTree = "<group>";
		};
		7BB3EC702AB513E50014A652 /* Products */ = {
			isa = PBXGroup;
			children = (
				7BB3EC6F2AB513E50014A652 /* MCOS.app */,
			);
			name = Products;
			sourceTree = "<group>";
		};
		7BB3EC712AB513E50014A652 /* MCOS */ = {
			isa = PBXGroup;
			children = (
				7B490EFB2AB6290F00787CEC /* MainController */,
				7BB3EC722AB513E50014A652 /* AppDelegate.swift */,
				7BB3EC742AB513E50014A652 /* SceneDelegate.swift */,
				7BB3EC782AB513E50014A652 /* Main.storyboard */,
				7BB3EC7B2AB513E70014A652 /* Assets.xcassets */,
				7BB3EC7D2AB513E70014A652 /* LaunchScreen.storyboard */,
				7BB3EC802AB513E70014A652 /* Info.plist */,
			);
			path = MCOS;
			sourceTree = "<group>";
		};
		9B6235EA5277706E702BCDF3 /* Pods */ = {
			isa = PBXGroup;
			children = (
				7B4173C345CED2F8FC9C43BA /* Pods-MCOS.debug.xcconfig */,
				0AC9CBBD62AC76C0A5D007DF /* Pods-MCOS.release.xcconfig */,
			);
			name = Pods;
			path = Pods;
			sourceTree = "<group>";
		};
/* End PBXGroup section */

/* Begin PBXNativeTarget section */
		7BB3EC6E2AB513E50014A652 /* MCOS */ = {
			isa = PBXNativeTarget;
			buildConfigurationList = 7BB3EC832AB513E70014A652 /* Build configuration list for PBXNativeTarget "MCOS" */;
			buildPhases = (
				F53D05F3C8AC9C15B97F02AC /* [CP] Check Pods Manifest.lock */,
				7BB3EC6B2AB513E50014A652 /* Sources */,
				7BB3EC6C2AB513E50014A652 /* Frameworks */,
				7BB3EC6D2AB513E50014A652 /* Resources */,
				FD19B9A410889A983618C580 /* [CP] Embed Pods Frameworks */,
			);
			buildRules = (
			);
			dependencies = (
			);
			name = MCOS;
			productName = MCOS;
			productReference = 7BB3EC6F2AB513E50014A652 /* MCOS.app */;
			productType = "com.apple.product-type.application";
		};
/* End PBXNativeTarget section */

/* Begin PBXProject section */
		7BB3EC672AB513E50014A652 /* Project object */ = {
			isa = PBXProject;
			attributes = {
				BuildIndependentTargetsInParallel = 1;
				LastSwiftUpdateCheck = 1430;
				LastUpgradeCheck = 1430;
				TargetAttributes = {
					7BB3EC6E2AB513E50014A652 = {
						CreatedOnToolsVersion = 14.3.1;
					};
				};
			};
			buildConfigurationList = 7BB3EC6A2AB513E50014A652 /* Build configuration list for PBXProject "MCOS" */;
			compatibilityVersion = "Xcode 14.0";
			developmentRegion = en;
			hasScannedForEncodings = 0;
			knownRegions = (
				en,
				Base,
			);
			mainGroup = 7BB3EC662AB513E50014A652;
			productRefGroup = 7BB3EC702AB513E50014A652 /* Products */;
			projectDirPath = "";
			projectRoot = "";
			targets = (
				7BB3EC6E2AB513E50014A652 /* MCOS */,
			);
		};
/* End PBXProject section */

/* Begin PBXResourcesBuildPhase section */
		7BB3EC6D2AB513E50014A652 /* Resources */ = {
			isa = PBXResourcesBuildPhase;
			buildActionMask = 2147483647;
			files = (
				7BB3EC7F2AB513E70014A652 /* LaunchScreen.storyboard in Resources */,
				7BB3EC7C2AB513E70014A652 /* Assets.xcassets in Resources */,
				7BB3EC7A2AB513E50014A652 /* Main.storyboard in Resources */,
			);
			runOnlyForDeploymentPostprocessing = 0;
		};
/* End PBXResourcesBuildPhase section */

/* Begin PBXShellScriptBuildPhase section */
		F53D05F3C8AC9C15B97F02AC /* [CP] Check Pods Manifest.lock */ = {
			isa = PBXShellScriptBuildPhase;
			buildActionMask = 2147483647;
			files = (
			);
			inputFileListPaths = (
			);
			inputPaths = (
				"${PODS_PODFILE_DIR_PATH}/Podfile.lock",
				"${PODS_ROOT}/Manifest.lock",
			);
			name = "[CP] Check Pods Manifest.lock";
			outputFileListPaths = (
			);
			outputPaths = (
				"$(DERIVED_FILE_DIR)/Pods-MCOS-checkManifestLockResult.txt",
			);
			runOnlyForDeploymentPostprocessing = 0;
			shellPath = /bin/sh;
			shellScript = "diff \"${PODS_PODFILE_DIR_PATH}/Podfile.lock\" \"${PODS_ROOT}/Manifest.lock\" > /dev/null\nif [ $? != 0 ] ; then\n    # print error to STDERR\n    echo \"error: The sandbox is not in sync with the Podfile.lock. Run 'pod install' or update your CocoaPods installation.\" >&2\n    exit 1\nfi\n# This output is used by Xcode 'outputs' to avoid re-running this script phase.\necho \"SUCCESS\" > \"${SCRIPT_OUTPUT_FILE_0}\"\n";
			showEnvVarsInLog = 0;
		};
		FD19B9A410889A983618C580 /* [CP] Embed Pods Frameworks */ = {
			isa = PBXShellScriptBuildPhase;
			buildActionMask = 2147483647;
			files = (
			);
			inputFileListPaths = (
				"${PODS_ROOT}/Target Support Files/Pods-MCOS/Pods-MCOS-frameworks-${CONFIGURATION}-input-files.xcfilelist",
			);
			name = "[CP] Embed Pods Frameworks";
			outputFileListPaths = (
				"${PODS_ROOT}/Target Support Files/Pods-MCOS/Pods-MCOS-frameworks-${CONFIGURATION}-output-files.xcfilelist",
			);
			runOnlyForDeploymentPostprocessing = 0;
			shellPath = /bin/sh;
			shellScript = "\"${PODS_ROOT}/Target Support Files/Pods-MCOS/Pods-MCOS-frameworks.sh\"\n";
			showEnvVarsInLog = 0;
		};
/* End PBXShellScriptBuildPhase section */

/* Begin PBXSourcesBuildPhase section */
		7BB3EC6B2AB513E50014A652 /* Sources */ = {
			isa = PBXSourcesBuildPhase;
			buildActionMask = 2147483647;
			files = (
				7B490EFD2AB629B100787CEC /* TCRViewController.swift in Sources */,
				7BB3EC772AB513E50014A652 /* HomeViewController.swift in Sources */,
				7B490EF82AB625A600787CEC /* WatchlistViewController.swift in Sources */,
				7BB3EC732AB513E50014A652 /* AppDelegate.swift in Sources */,
				7BB3EC752AB513E50014A652 /* SceneDelegate.swift in Sources */,
				7B490EF62AB6259600787CEC /* DepotViewController.swift in Sources */,
				7B490EFA2AB625C400787CEC /* ChartViewController.swift in Sources */,
			);
			runOnlyForDeploymentPostprocessing = 0;
		};
/* End PBXSourcesBuildPhase section */

/* Begin PBXVariantGroup section */
		7BB3EC782AB513E50014A652 /* Main.storyboard */ = {
			isa = PBXVariantGroup;
			children = (
				7BB3EC792AB513E50014A652 /* Base */,
			);
			name = Main.storyboard;
			sourceTree = "<group>";
		};
		7BB3EC7D2AB513E70014A652 /* LaunchScreen.storyboard */ = {
			isa = PBXVariantGroup;
			children = (
				7BB3EC7E2AB513E70014A652 /* Base */,
			);
			name = LaunchScreen.storyboard;
			sourceTree = "<group>";
		};
/* End PBXVariantGroup section */

/* Begin XCBuildConfiguration section */
		7BB3EC812AB513E70014A652 /* Debug */ = {
			isa = XCBuildConfiguration;
			buildSettings = {
				ALWAYS_SEARCH_USER_PATHS = NO;
				CLANG_ANALYZER_NONNULL = YES;
				CLANG_ANALYZER_NUMBER_OBJECT_CONVERSION = YES_AGGRESSIVE;
				CLANG_CXX_LANGUAGE_STANDARD = "gnu++20";
				CLANG_ENABLE_MODULES = YES;
				CLANG_ENABLE_OBJC_ARC = YES;
				CLANG_ENABLE_OBJC_WEAK = YES;
				CLANG_WARN_BLOCK_CAPTURE_AUTORELEASING = YES;
				CLANG_WARN_BOOL_CONVERSION = YES;
				CLANG_WARN_COMMA = YES;
				CLANG_WARN_CONSTANT_CONVERSION = YES;
				CLANG_WARN_DEPRECATED_OBJC_IMPLEMENTATIONS = YES;
				CLANG_WARN_DIRECT_OBJC_ISA_USAGE = YES_ERROR;
				CLANG_WARN_DOCUMENTATION_COMMENTS = YES;
				CLANG_WARN_EMPTY_BODY = YES;
				CLANG_WARN_ENUM_CONVERSION = YES;
				CLANG_WARN_INFINITE_RECURSION = YES;
				CLANG_WARN_INT_CONVERSION = YES;
				CLANG_WARN_NON_LITERAL_NULL_CONVERSION = YES;
				CLANG_WARN_OBJC_IMPLICIT_RETAIN_SELF = YES;
				CLANG_WARN_OBJC_LITERAL_CONVERSION = YES;
				CLANG_WARN_OBJC_ROOT_CLASS = YES_ERROR;
				CLANG_WARN_QUOTED_INCLUDE_IN_FRAMEWORK_HEADER = YES;
				CLANG_WARN_RANGE_LOOP_ANALYSIS = YES;
				CLANG_WARN_STRICT_PROTOTYPES = YES;
				CLANG_WARN_SUSPICIOUS_MOVE = YES;
				CLANG_WARN_UNGUARDED_AVAILABILITY = YES_AGGRESSIVE;
				CLANG_WARN_UNREACHABLE_CODE = YES;
				CLANG_WARN__DUPLICATE_METHOD_MATCH = YES;
				COPY_PHASE_STRIP = NO;
				DEBUG_INFORMATION_FORMAT = dwarf;
				ENABLE_STRICT_OBJC_MSGSEND = YES;
				ENABLE_TESTABILITY = YES;
				GCC_C_LANGUAGE_STANDARD = gnu11;
				GCC_DYNAMIC_NO_PIC = NO;
				GCC_NO_COMMON_BLOCKS = YES;
				GCC_OPTIMIZATION_LEVEL = 0;
				GCC_PREPROCESSOR_DEFINITIONS = (
					"DEBUG=1",
					"$(inherited)",
				);
				GCC_WARN_64_TO_32_BIT_CONVERSION = YES;
				GCC_WARN_ABOUT_RETURN_TYPE = YES_ERROR;
				GCC_WARN_UNDECLARED_SELECTOR = YES;
				GCC_WARN_UNINITIALIZED_AUTOS = YES_AGGRESSIVE;
				GCC_WARN_UNUSED_FUNCTION = YES;
				GCC_WARN_UNUSED_VARIABLE = YES;
				IPHONEOS_DEPLOYMENT_TARGET = 16.4;
				MTL_ENABLE_DEBUG_INFO = INCLUDE_SOURCE;
				MTL_FAST_MATH = YES;
				ONLY_ACTIVE_ARCH = YES;
				SDKROOT = iphoneos;
				SWIFT_ACTIVE_COMPILATION_CONDITIONS = DEBUG;
				SWIFT_OPTIMIZATION_LEVEL = "-Onone";
			};
			name = Debug;
		};
		7BB3EC822AB513E70014A652 /* Release */ = {
			isa = XCBuildConfiguration;
			buildSettings = {
				ALWAYS_SEARCH_USER_PATHS = NO;
				CLANG_ANALYZER_NONNULL = YES;
				CLANG_ANALYZER_NUMBER_OBJECT_CONVERSION = YES_AGGRESSIVE;
				CLANG_CXX_LANGUAGE_STANDARD = "gnu++20";
				CLANG_ENABLE_MODULES = YES;
				CLANG_ENABLE_OBJC_ARC = YES;
				CLANG_ENABLE_OBJC_WEAK = YES;
				CLANG_WARN_BLOCK_CAPTURE_AUTORELEASING = YES;
				CLANG_WARN_BOOL_CONVERSION = YES;
				CLANG_WARN_COMMA = YES;
				CLANG_WARN_CONSTANT_CONVERSION = YES;
				CLANG_WARN_DEPRECATED_OBJC_IMPLEMENTATIONS = YES;
				CLANG_WARN_DIRECT_OBJC_ISA_USAGE = YES_ERROR;
				CLANG_WARN_DOCUMENTATION_COMMENTS = YES;
				CLANG_WARN_EMPTY_BODY = YES;
				CLANG_WARN_ENUM_CONVERSION = YES;
				CLANG_WARN_INFINITE_RECURSION = YES;
				CLANG_WARN_INT_CONVERSION = YES;
				CLANG_WARN_NON_LITERAL_NULL_CONVERSION = YES;
				CLANG_WARN_OBJC_IMPLICIT_RETAIN_SELF = YES;
				CLANG_WARN_OBJC_LITERAL_CONVERSION = YES;
				CLANG_WARN_OBJC_ROOT_CLASS = YES_ERROR;
				CLANG_WARN_QUOTED_INCLUDE_IN_FRAMEWORK_HEADER = YES;
				CLANG_WARN_RANGE_LOOP_ANALYSIS = YES;
				CLANG_WARN_STRICT_PROTOTYPES = YES;
				CLANG_WARN_SUSPICIOUS_MOVE = YES;
				CLANG_WARN_UNGUARDED_AVAILABILITY = YES_AGGRESSIVE;
				CLANG_WARN_UNREACHABLE_CODE = YES;
				CLANG_WARN__DUPLICATE_METHOD_MATCH = YES;
				COPY_PHASE_STRIP = NO;
				DEBUG_INFORMATION_FORMAT = "dwarf-with-dsym";
				ENABLE_NS_ASSERTIONS = NO;
				ENABLE_STRICT_OBJC_MSGSEND = YES;
				GCC_C_LANGUAGE_STANDARD = gnu11;
				GCC_NO_COMMON_BLOCKS = YES;
				GCC_WARN_64_TO_32_BIT_CONVERSION = YES;
				GCC_WARN_ABOUT_RETURN_TYPE = YES_ERROR;
				GCC_WARN_UNDECLARED_SELECTOR = YES;
				GCC_WARN_UNINITIALIZED_AUTOS = YES_AGGRESSIVE;
				GCC_WARN_UNUSED_FUNCTION = YES;
				GCC_WARN_UNUSED_VARIABLE = YES;
				IPHONEOS_DEPLOYMENT_TARGET = 16.4;
				MTL_ENABLE_DEBUG_INFO = NO;
				MTL_FAST_MATH = YES;
				SDKROOT = iphoneos;
				SWIFT_COMPILATION_MODE = wholemodule;
				SWIFT_OPTIMIZATION_LEVEL = "-O";
				VALIDATE_PRODUCT = YES;
			};
			name = Release;
		};
		7BB3EC842AB513E70014A652 /* Debug */ = {
			isa = XCBuildConfiguration;
			baseConfigurationReference = 7B4173C345CED2F8FC9C43BA /* Pods-MCOS.debug.xcconfig */;
			buildSettings = {
				ASSETCATALOG_COMPILER_APPICON_NAME = AppIcon;
				ASSETCATALOG_COMPILER_GLOBAL_ACCENT_COLOR_NAME = AccentColor;
				CODE_SIGN_STYLE = Automatic;
				CURRENT_PROJECT_VERSION = 1;
				DEVELOPMENT_TEAM = SZ4FVB6D5W;
				GENERATE_INFOPLIST_FILE = YES;
				INFOPLIST_FILE = MCOS/Info.plist;
				INFOPLIST_KEY_UIApplicationSupportsIndirectInputEvents = YES;
				INFOPLIST_KEY_UILaunchStoryboardName = LaunchScreen;
				INFOPLIST_KEY_UIMainStoryboardFile = Main;
				INFOPLIST_KEY_UISupportedInterfaceOrientations_iPad = "UIInterfaceOrientationPortrait UIInterfaceOrientationPortraitUpsideDown UIInterfaceOrientationLandscapeLeft UIInterfaceOrientationLandscapeRight";
				INFOPLIST_KEY_UISupportedInterfaceOrientations_iPhone = "UIInterfaceOrientationPortrait UIInterfaceOrientationLandscapeLeft UIInterfaceOrientationLandscapeRight";
				LD_RUNPATH_SEARCH_PATHS = (
					"$(inherited)",
					"@executable_path/Frameworks",
				);
				MARKETING_VERSION = 1.0;
				PRODUCT_BUNDLE_IDENTIFIER = burhan.moderncapitalofstorm.MCOS;
				PRODUCT_NAME = "$(TARGET_NAME)";
				SWIFT_EMIT_LOC_STRINGS = YES;
				SWIFT_VERSION = 5.0;
				TARGETED_DEVICE_FAMILY = "1,2";
			};
			name = Debug;
		};
		7BB3EC852AB513E70014A652 /* Release */ = {
			isa = XCBuildConfiguration;
			baseConfigurationReference = 0AC9CBBD62AC76C0A5D007DF /* Pods-MCOS.release.xcconfig */;
			buildSettings = {
				ASSETCATALOG_COMPILER_APPICON_NAME = AppIcon;
				ASSETCATALOG_COMPILER_GLOBAL_ACCENT_COLOR_NAME = AccentColor;
				CODE_SIGN_STYLE = Automatic;
				CURRENT_PROJECT_VERSION = 1;
				DEVELOPMENT_TEAM = SZ4FVB6D5W;
				GENERATE_INFOPLIST_FILE = YES;
				INFOPLIST_FILE = MCOS/Info.plist;
				INFOPLIST_KEY_UIApplicationSupportsIndirectInputEvents = YES;
				INFOPLIST_KEY_UILaunchStoryboardName = LaunchScreen;
				INFOPLIST_KEY_UIMainStoryboardFile = Main;
				INFOPLIST_KEY_UISupportedInterfaceOrientations_iPad = "UIInterfaceOrientationPortrait UIInterfaceOrientationPortraitUpsideDown UIInterfaceOrientationLandscapeLeft UIInterfaceOrientationLandscapeRight";
				INFOPLIST_KEY_UISupportedInterfaceOrientations_iPhone = "UIInterfaceOrientationPortrait UIInterfaceOrientationLandscapeLeft UIInterfaceOrientationLandscapeRight";
				LD_RUNPATH_SEARCH_PATHS = (
					"$(inherited)",
					"@executable_path/Frameworks",
				);
				MARKETING_VERSION = 1.0;
				PRODUCT_BUNDLE_IDENTIFIER = burhan.moderncapitalofstorm.MCOS;
				PRODUCT_NAME = "$(TARGET_NAME)";
				SWIFT_EMIT_LOC_STRINGS = YES;
				SWIFT_VERSION = 5.0;
				TARGETED_DEVICE_FAMILY = "1,2";
			};
			name = Release;
		};
/* End XCBuildConfiguration section */

/* Begin XCConfigurationList section */
		7BB3EC6A2AB513E50014A652 /* Build configuration list for PBXProject "MCOS" */ = {
			isa = XCConfigurationList;
			buildConfigurations = (
				7BB3EC812AB513E70014A652 /* Debug */,
				7BB3EC822AB513E70014A652 /* Release */,
			);
			defaultConfigurationIsVisible = 0;
			defaultConfigurationName = Release;
		};
		7BB3EC832AB513E70014A652 /* Build configuration list for PBXNativeTarget "MCOS" */ = {
			isa = XCConfigurationList;
			buildConfigurations = (
				7BB3EC842AB513E70014A652 /* Debug */,
				7BB3EC852AB513E70014A652 /* Release */,
			);
			defaultConfigurationIsVisible = 0;
			defaultConfigurationName = Release;
		};
/* End XCConfigurationList section */
	};
	rootObject = 7BB3EC672AB513E50014A652 /* Project object */;
}
